
Microsoft Visual Studio Solution File, Format Version 12.00
# Visual Studio Version 16
VisualStudioVersion = 16.0.29920.165
MinimumVisualStudioVersion = 10.0.40219.1
Project("{FAE04EC0-301F-11D3-BF4B-00C04F79EFBC}") = "Download Time Calculator", "Download Time Calculator\Download Time Calculator.csproj", "{008E51F9-8622-46D9-9ABB-F5840055A9CE}"
EndProject
Global
	GlobalSection(SolutionConfigurationPlatforms) = preSolution
		Debug|Any CPU = Debug|Any CPU
		Release|Any CPU = Release|Any CPU
	EndGlobalSection
	GlobalSection(ProjectConfigurationPlatforms) = postSolution
		{008E51F9-8622-46D9-9ABB-F5840055A9CE}.Debug|Any CPU.ActiveCfg = Debug|Any CPU
		{008E51F9-8622-46D9-9ABB-F5840055A9CE}.Debug|Any CPU.Build.0 = Debug|Any CPU
		{008E51F9-8622-46D9-9ABB-F5840055A9CE}.Release|Any CPU.ActiveCfg = Release|Any CPU
		{008E51F9-8622-46D9-9ABB-F5840055A9CE}.Release|Any CPU.Build.0 = Release|Any CPU
	EndGlobalSection
	GlobalSection(SolutionProperties) = preSolution
		HideSolutionNode = FALSE
	EndGlobalSection
	GlobalSection(ExtensibilityGlobals) = postSolution
		SolutionGuid = {D9F0E3CA-BD6E-4E86-802F-1944C04F1C80}
	EndGlobalSection
EndGlobal
